
Microsoft Visual Studio Solution File, Format Version 12.00
# Visual Studio 2012
Project("{FAE04EC0-301F-11D3-BF4B-00C04F79EFBC}") = "MVC4ValidationUsingFluentValidation", "MVC4ValidationUsingFluentValidation\MVC4ValidationUsingFluentValidation.csproj", "{3C2CB321-E673-48BB-B5B8-2AF2448E68A4}"
EndProject
Project("{FAE04EC0-301F-11D3-BF4B-00C04F79EFBC}") = "MVC4ValidationUsingFluentValidation.Tests", "MVC4ValidationUsingFluentValidation.Tests\MVC4ValidationUsingFluentValidation.Tests.csproj", "{343D88C5-AA90-4612-9993-2B1224F24DFB}"
EndProject
Project("{2150E333-8FDC-42A3-9474-1A3956D46DE8}") = ".nuget", ".nuget", "{572230F1-012E-4CBB-B3DA-DCEACB30EF0D}"
	ProjectSection(SolutionItems) = preProject
		.nuget\NuGet.Config = .nuget\NuGet.Config
		.nuget\NuGet.exe = .nuget\NuGet.exe
		.nuget\NuGet.targets = .nuget\NuGet.targets
	EndProjectSection
EndProject
Global
	GlobalSection(SolutionConfigurationPlatforms) = preSolution
		Debug|Any CPU = Debug|Any CPU
		Release|Any CPU = Release|Any CPU
	EndGlobalSection
	GlobalSection(ProjectConfigurationPlatforms) = postSolution
		{3C2CB321-E673-48BB-B5B8-2AF2448E68A4}.Debug|Any CPU.ActiveCfg = Debug|Any CPU
		{3C2CB321-E673-48BB-B5B8-2AF2448E68A4}.Debug|Any CPU.Build.0 = Debug|Any CPU
		{3C2CB321-E673-48BB-B5B8-2AF2448E68A4}.Release|Any CPU.ActiveCfg = Release|Any CPU
		{3C2CB321-E673-48BB-B5B8-2AF2448E68A4}.Release|Any CPU.Build.0 = Release|Any CPU
		{343D88C5-AA90-4612-9993-2B1224F24DFB}.Debug|Any CPU.ActiveCfg = Debug|Any CPU
		{343D88C5-AA90-4612-9993-2B1224F24DFB}.Debug|Any CPU.Build.0 = Debug|Any CPU
		{343D88C5-AA90-4612-9993-2B1224F24DFB}.Release|Any CPU.ActiveCfg = Release|Any CPU
		{343D88C5-AA90-4612-9993-2B1224F24DFB}.Release|Any CPU.Build.0 = Release|Any CPU
	EndGlobalSection
	GlobalSection(SolutionProperties) = preSolution
		HideSolutionNode = FALSE
	EndGlobalSection
EndGlobal
